PODS:
  - Flutter (1.0.0)
  - flutter_bluetooth (0.0.1):
    - Flutter

DEPENDENCIES:
  - Flutter (from `Flutter`)
  - flutter_bluetooth (from `.symlinks/plugins/flutter_bluetooth/ios`)

EXTERNAL SOURCES:
  Flutter:
    :path: Flutter
  flutter_bluetooth:
    :path: ".symlinks/plugins/flutter_bluetooth/ios"

SPEC CHECKSUMS:
  Flutter: 0e3d915762c693b495b44d77113d4970485de6ec
  flutter_bluetooth: 9f34fd635d8cb3ba99718a2c10ecb658378de688

PODFILE CHECKSUM: 8e679eca47255a8ca8067c4c67aab20e64cb974d

COCOAPODS: 1.9.3
